
Microsoft Visual Studio Solution File, Format Version 12.00
# Visual Studio Version 16
VisualStudioVersion = 16.0.29806.167
MinimumVisualStudioVersion = 10.0.40219.1
Project("{FAE04EC0-301F-11D3-BF4B-00C04F79EFBC}") = "SimpleFTP", "SimpleFTP.csproj", "{E960D356-CC9E-471A-8D61-962870BFDF31}"
EndProject
Global
	GlobalSection(SolutionConfigurationPlatforms) = preSolution
		Debug|Any CPU = Debug|Any CPU
		Release|Any CPU = Release|Any CPU
	EndGlobalSection
	GlobalSection(ProjectConfigurationPlatforms) = postSolution
		{E960D356-CC9E-471A-8D61-962870BFDF31}.Debug|Any CPU.ActiveCfg = Debug|Any CPU
		{E960D356-CC9E-471A-8D61-962870BFDF31}.Debug|Any CPU.Build.0 = Debug|Any CPU
		{E960D356-CC9E-471A-8D61-962870BFDF31}.Release|Any CPU.ActiveCfg = Release|Any CPU
		{E960D356-CC9E-471A-8D61-962870BFDF31}.Release|Any CPU.Build.0 = Release|Any CPU
	EndGlobalSection
	GlobalSection(SolutionProperties) = preSolution
		HideSolutionNode = FALSE
	EndGlobalSection
	GlobalSection(ExtensibilityGlobals) = postSolution
		SolutionGuid = {9EE19DC1-570B-48C5-83A3-C7D7C6F835D7}
	EndGlobalSection
EndGlobal
